PODS:
  - AZSClient (0.2.6)
  - SwiftProtobuf (1.0.3)

DEPENDENCIES:
  - AZSClient
  - SwiftProtobuf (~> 1.0)

SPEC CHECKSUMS:
  AZSClient: efd576cabf56f97e38cb1b614739f4b0c1906392
  SwiftProtobuf: 5ccc0e4054e37c75800e5744acb2aa80bb72b39c

PODFILE CHECKSUM: 41b07826741bb3d04917487e627acc6cb521545e

COCOAPODS: 1.4.0
